// !$*UTF8*$!
{
	archiveVersion = 1;
	classes = {
	};
	objectVersion = 46;
	objects = {

/* Begin PBXBuildFile section */
		A5A2A5A414983B4600F3DF8C /* UIKit.framework in Frameworks */ = {isa = PBXBuildFile; fileRef = A5A2A5A314983B4600F3DF8C /* UIKit.framework */; };
		A5A2A5A614983B4600F3DF8C /* Foundation.framework in Frameworks */ = {isa = PBXBuildFile; fileRef = A5A2A5A514983B4600F3DF8C /* Foundation.framework */; };
		A5A2A5AE14983B4600F3DF8C /* InfoPlist.strings in Resources */ = {isa = PBXBuildFile; fileRef = A5A2A5AC14983B4600F3DF8C /* InfoPlist.strings */; };
		A5A2A5B014983B4600F3DF8C /* main.m in Sources */ = {isa = PBXBuildFile; fileRef = A5A2A5AF14983B4600F3DF8C /* main.m */; };
/* End PBXBuildFile section */

/* Begin PBXFileReference section */
		A5A2A59F14983B4600F3DF8C /* Brightness100.app */ = {isa = PBXFileReference; explicitFileType = wrapper.application; includeInIndex = 0; path = Brightness100.app; sourceTree = BUILT_PRODUCTS_DIR; };
		A5A2A5A314983B4600F3DF8C /* UIKit.framework */ = {isa = PBXFileReference; lastKnownFileType = wrapper.framework; name = UIKit.framework; path = System/Library/Frameworks/UIKit.framework; sourceTree = SDKROOT; };
		A5A2A5A514983B4600F3DF8C /* Foundation.framework */ = {isa = PBXFileReference; lastKnownFileType = wrapper.framework; name = Foundation.framework; path = System/Library/Frameworks/Foundation.framework; sourceTree = SDKROOT; };
		A5A2A5A714983B4600F3DF8C /* CoreGraphics.framework */ = {isa = PBXFileReference; lastKnownFileType = wrapper.framework; name = CoreGraphics.framework; path = System/Library/Frameworks/CoreGraphics.framework; sourceTree = SDKROOT; };
		A5A2A5AB14983B4600F3DF8C /* Brightness100-Info.plist */ = {isa = PBXFileReference; lastKnownFileType = text.plist.xml; path = "Brightness100-Info.plist"; sourceTree = "<group>"; };
		A5A2A5AD14983B4600F3DF8C /* en */ = {isa = PBXFileReference; lastKnownFileType = text.plist.strings; name = en; path = en.lproj/InfoPlist.strings; sourceTree = "<group>"; };
		A5A2A5AF14983B4600F3DF8C /* main.m */ = {isa = PBXFileReference; lastKnownFileType = sourcecode.c.objc; path = main.m; sourceTree = "<group>"; };
		A5A2A5B114983B4600F3DF8C /* Brightness100-Prefix.pch */ = {isa = PBXFileReference; lastKnownFileType = sourcecode.c.h; path = "Brightness100-Prefix.pch"; sourceTree = "<group>"; };
/* End PBXFileReference section */

/* Begin PBXFrameworksBuildPhase section */
		A5A2A59C14983B4600F3DF8C /* Frameworks */ = {
			isa = PBXFrameworksBuildPhase;
			buildActionMask = 2147483647;
			files = (
				A5A2A5A414983B4600F3DF8C /* UIKit.framework in Frameworks */,
				A5A2A5A614983B4600F3DF8C /* Foundation.framework in Frameworks */,
			);
			runOnlyForDeploymentPostprocessing = 0;
		};
/* End PBXFrameworksBuildPhase section */

/* Begin PBXGroup section */
		A5A2A59414983B4600F3DF8C = {
			isa = PBXGroup;
			children = (
				A5A2A5A914983B4600F3DF8C /* Brightness100 */,
				A5A2A5A214983B4600F3DF8C /* Frameworks */,
				A5A2A5A014983B4600F3DF8C /* Products */,
			);
			sourceTree = "<group>";
		};
		A5A2A5A014983B4600F3DF8C /* Products */ = {
			isa = PBXGroup;
			children = (
				A5A2A59F14983B4600F3DF8C /* Brightness100.app */,
			);
			name = Products;
			sourceTree = "<group>";
		};
		A5A2A5A214983B4600F3DF8C /* Frameworks */ = {
			isa = PBXGroup;
			children = (
				A5A2A5A314983B4600F3DF8C /* UIKit.framework */,
				A5A2A5A514983B4600F3DF8C /* Foundation.framework */,
				A5A2A5A714983B4600F3DF8C /* CoreGraphics.framework */,
			);
			name = Frameworks;
			sourceTree = "<group>";
		};
		A5A2A5A914983B4600F3DF8C /* Brightness100 */ = {
			isa = PBXGroup;
			children = (
				A5A2A5AB14983B4600F3DF8C /* Brightness100-Info.plist */,
				A5A2A5AC14983B4600F3DF8C /* InfoPlist.strings */,
				A5A2A5AF14983B4600F3DF8C /* main.m */,
				A5A2A5B114983B4600F3DF8C /* Brightness100-Prefix.pch */,
			);
			path = Brightness100;
			sourceTree = "<group>";
		};
/* End PBXGroup section */

/* Begin PBXNativeTarget section */
		A5A2A59E14983B4600F3DF8C /* Glare 100 */ = {
			isa = PBXNativeTarget;
			buildConfigurationList = A5A2A5C014983B4600F3DF8C /* Build configuration list for PBXNativeTarget "Glare 100" */;
			buildPhases = (
				A5A2A59B14983B4600F3DF8C /* Sources */,
				A5A2A59C14983B4600F3DF8C /* Frameworks */,
				A5A2A59D14983B4600F3DF8C /* Resources */,
			);
			buildRules = (
			);
			dependencies = (
			);
			name = "Glare 100";
			productName = Brightness100;
			productReference = A5A2A59F14983B4600F3DF8C /* Brightness100.app */;
			productType = "com.apple.product-type.application";
		};
/* End PBXNativeTarget section */

/* Begin PBXProject section */
		A5A2A59614983B4600F3DF8C /* Project object */ = {
			isa = PBXProject;
			attributes = {
				LastUpgradeCheck = 0420;
				ORGANIZATIONNAME = "Douglas Heriot Design";
			};
			buildConfigurationList = A5A2A59914983B4600F3DF8C /* Build configuration list for PBXProject "Brightness100" */;
			compatibilityVersion = "Xcode 3.2";
			developmentRegion = English;
			hasScannedForEncodings = 0;
			knownRegions = (
				en,
			);
			mainGroup = A5A2A59414983B4600F3DF8C;
			productRefGroup = A5A2A5A014983B4600F3DF8C /* Products */;
			projectDirPath = "";
			projectRoot = "";
			targets = (
				A5A2A59E14983B4600F3DF8C /* Glare 100 */,
			);
		};
/* End PBXProject section */

/* Begin PBXResourcesBuildPhase section */
		A5A2A59D14983B4600F3DF8C /* Resources */ = {
			isa = PBXResourcesBuildPhase;
			buildActionMask = 2147483647;
			files = (
				A5A2A5AE14983B4600F3DF8C /* InfoPlist.strings in Resources */,
			);
			runOnlyForDeploymentPostprocessing = 0;
		};
/* End PBXResourcesBuildPhase section */

/* Begin PBXSourcesBuildPhase section */
		A5A2A59B14983B4600F3DF8C /* Sources */ = {
			isa = PBXSourcesBuildPhase;
			buildActionMask = 2147483647;
			files = (
				A5A2A5B014983B4600F3DF8C /* main.m in Sources */,
			);
			runOnlyForDeploymentPostprocessing = 0;
		};
/* End PBXSourcesBuildPhase section */

/* Begin PBXVariantGroup section */
		A5A2A5AC14983B4600F3DF8C /* InfoPlist.strings */ = {
			isa = PBXVariantGroup;
			children = (
				A5A2A5AD14983B4600F3DF8C /* en */,
			);
			name = InfoPlist.strings;
			sourceTree = "<group>";
		};
/* End PBXVariantGroup section */

/* Begin XCBuildConfiguration section */
		A5A2A5BE14983B4600F3DF8C /* Debug */ = {
			isa = XCBuildConfiguration;
			buildSettings = {
				ALWAYS_SEARCH_USER_PATHS = NO;
				ARCHS = "$(ARCHS_STANDARD_32_BIT)";
				CLANG_ENABLE_OBJC_ARC = YES;
				"CODE_SIGN_IDENTITY[sdk=iphoneos*]" = "iPhone Developer";
				COPY_PHASE_STRIP = NO;
				GCC_C_LANGUAGE_STANDARD = gnu99;
				GCC_DYNAMIC_NO_PIC = NO;
				GCC_OPTIMIZATION_LEVEL = 0;
				GCC_PREPROCESSOR_DEFINITIONS = (
					"DEBUG=1",
					"$(inherited)",
				);
				GCC_SYMBOLS_PRIVATE_EXTERN = NO;
				GCC_VERSION = com.apple.compilers.llvm.clang.1_0;
				GCC_WARN_ABOUT_MISSING_PROTOTYPES = YES;
				GCC_WARN_ABOUT_RETURN_TYPE = YES;
				GCC_WARN_UNUSED_VARIABLE = YES;
				IPHONEOS_DEPLOYMENT_TARGET = 5.0;
				SDKROOT = iphoneos;
				TARGETED_DEVICE_FAMILY = "1,2";
			};
			name = Debug;
		};
		A5A2A5BF14983B4600F3DF8C /* Release */ = {
			isa = XCBuildConfiguration;
			buildSettings = {
				ALWAYS_SEARCH_USER_PATHS = NO;
				ARCHS = "$(ARCHS_STANDARD_32_BIT)";
				CLANG_ENABLE_OBJC_ARC = YES;
				"CODE_SIGN_IDENTITY[sdk=iphoneos*]" = "iPhone Developer";
				COPY_PHASE_STRIP = YES;
				GCC_C_LANGUAGE_STANDARD = gnu99;
				GCC_VERSION = com.apple.compilers.llvm.clang.1_0;
				GCC_WARN_ABOUT_MISSING_PROTOTYPES = YES;
				GCC_WARN_ABOUT_RETURN_TYPE = YES;
				GCC_WARN_UNUSED_VARIABLE = YES;
				IPHONEOS_DEPLOYMENT_TARGET = 5.0;
				OTHER_CFLAGS = "-DNS_BLOCK_ASSERTIONS=1";
				SDKROOT = iphoneos;
				TARGETED_DEVICE_FAMILY = "1,2";
				VALIDATE_PRODUCT = YES;
			};
			name = Release;
		};
		A5A2A5C114983B4600F3DF8C /* Debug */ = {
			isa = XCBuildConfiguration;
			buildSettings = {
				GCC_PRECOMPILE_PREFIX_HEADER = YES;
				GCC_PREFIX_HEADER = "Brightness100/Brightness100-Prefix.pch";
				INFOPLIST_FILE = "Brightness100/Brightness100-Info.plist";
				PRODUCT_NAME = "$(TARGET_NAME)";
				WRAPPER_EXTENSION = app;
			};
			name = Debug;
		};
		A5A2A5C214983B4600F3DF8C /* Release */ = {
			isa = XCBuildConfiguration;
			buildSettings = {
				GCC_PRECOMPILE_PREFIX_HEADER = YES;
				GCC_PREFIX_HEADER = "Brightness100/Brightness100-Prefix.pch";
				INFOPLIST_FILE = "Brightness100/Brightness100-Info.plist";
				PRODUCT_NAME = "$(TARGET_NAME)";
				WRAPPER_EXTENSION = app;
			};
			name = Release;
		};
/* End XCBuildConfiguration section */

/* Begin XCConfigurationList section */
		A5A2A59914983B4600F3DF8C /* Build configuration list for PBXProject "Brightness100" */ = {
			isa = XCConfigurationList;
			buildConfigurations = (
				A5A2A5BE14983B4600F3DF8C /* Debug */,
				A5A2A5BF14983B4600F3DF8C /* Release */,
			);
			defaultConfigurationIsVisible = 0;
			defaultConfigurationName = Release;
		};
		A5A2A5C014983B4600F3DF8C /* Build configuration list for PBXNativeTarget "Glare 100" */ = {
			isa = XCConfigurationList;
			buildConfigurations = (
				A5A2A5C114983B4600F3DF8C /* Debug */,
				A5A2A5C214983B4600F3DF8C /* Release */,
			);
			defaultConfigurationIsVisible = 0;
		};
/* End XCConfigurationList section */
	};
	rootObject = A5A2A59614983B4600F3DF8C /* Project object */;
}
